
Microsoft Visual Studio Solution File, Format Version 12.00
# Visual Studio Version 17
VisualStudioVersion = 17.8.34330.188
MinimumVisualStudioVersion = 10.0.40219.1
Project("{FAE04EC0-301F-11D3-BF4B-00C04F79EFBC}") = "GA_ThisKeyword_MatthewVargas", "GA_ThisKeyword_MatthewVargas\GA_ThisKeyword_MatthewVargas.csproj", "{D0CA6BDC-C960-4089-B52B-8C37069EE7AF}"
EndProject
Global
	GlobalSection(SolutionConfigurationPlatforms) = preSolution
		Debug|Any CPU = Debug|Any CPU
		Release|Any CPU = Release|Any CPU
	EndGlobalSection
	GlobalSection(ProjectConfigurationPlatforms) = postSolution
		{D0CA6BDC-C960-4089-B52B-8C37069EE7AF}.Debug|Any CPU.ActiveCfg = Debug|Any CPU
		{D0CA6BDC-C960-4089-B52B-8C37069EE7AF}.Debug|Any CPU.Build.0 = Debug|Any CPU
		{D0CA6BDC-C960-4089-B52B-8C37069EE7AF}.Release|Any CPU.ActiveCfg = Release|Any CPU
		{D0CA6BDC-C960-4089-B52B-8C37069EE7AF}.Release|Any CPU.Build.0 = Release|Any CPU
	EndGlobalSection
	GlobalSection(SolutionProperties) = preSolution
		HideSolutionNode = FALSE
	EndGlobalSection
	GlobalSection(ExtensibilityGlobals) = postSolution
		SolutionGuid = {CFEB84C7-6D94-4966-8171-18B9899DB249}
	EndGlobalSection
EndGlobal
